
Microsoft Visual Studio Solution File, Format Version 12.00
# Visual Studio Version 18
VisualStudioVersion = 18.1.11312.151
MinimumVisualStudioVersion = 10.0.40219.1
Project("{FAE04EC0-301F-11D3-BF4B-00C04F79EFBC}") = "Podium.Native", "Podium\Podium.Native\Podium.Native.csproj", "{C14070A8-0839-4C56-A7A9-8E707D6994EE}"
EndProject
Project("{FAE04EC0-301F-11D3-BF4B-00C04F79EFBC}") = "Podium.Shared", "Podium\Podium.Shared\Podium.Shared.csproj", "{4CE49D8B-35AA-4525-B701-719B561052EE}"
EndProject
Project("{FAE04EC0-301F-11D3-BF4B-00C04F79EFBC}") = "Podium.Web", "Podium\Podium.Web\Podium.Web.csproj", "{6FCD66BE-5632-4230-8D95-B9C3EE29B4A0}"
EndProject
Project("{FAE04EC0-301F-11D3-BF4B-00C04F79EFBC}") = "Podium.Api", "Podium\Podium.Api\Podium.Api.csproj", "{2B7CC2CA-39A5-41D2-800B-48210FC3E7CC}"
EndProject
Project("{2150E333-8FDC-42A3-9474-1A3956D46DE8}") = "Tools", "Tools", "{07C2787E-EAC7-C090-1BA3-A61EC2A24D84}"
EndProject
Project("{FAE04EC0-301F-11D3-BF4B-00C04F79EFBC}") = "Podium.DbInit", "Tools\Podium.DbInit\Podium.DbInit.csproj", "{F3D3396A-FC52-49D4-9CA0-054021118E24}"
EndProject
Project("{2150E333-8FDC-42A3-9474-1A3956D46DE8}") = "Docs", "Docs", "{3726A50E-B73D-4B0B-ABCE-ADFFB97159E6}"
	ProjectSection(SolutionItems) = preProject
		Docs\DatabaseStructure.md = Docs\DatabaseStructure.md
		Docs\EmailConfiguration.md = Docs\EmailConfiguration.md
		Docs\QUICKSTART.md = Docs\QUICKSTART.md
		Docs\README.md = Docs\README.md
	EndProjectSection
EndProject
Project("{FAE04EC0-301F-11D3-BF4B-00C04F79EFBC}") = "Podium.Migration", "Tools\Podium.Migration\Podium.Migration.csproj", "{DCEB8886-7019-AEE1-554C-66D8D49A5A18}"
EndProject
Global
	GlobalSection(SolutionConfigurationPlatforms) = preSolution
		Debug|Any CPU = Debug|Any CPU
		Debug|x64 = Debug|x64
		Debug|x86 = Debug|x86
		Release|Any CPU = Release|Any CPU
		Release|x64 = Release|x64
		Release|x86 = Release|x86
	EndGlobalSection
	GlobalSection(ProjectConfigurationPlatforms) = postSolution
		{C14070A8-0839-4C56-A7A9-8E707D6994EE}.Debug|Any CPU.ActiveCfg = Debug|Any CPU
		{C14070A8-0839-4C56-A7A9-8E707D6994EE}.Debug|Any CPU.Build.0 = Debug|Any CPU
		{C14070A8-0839-4C56-A7A9-8E707D6994EE}.Debug|Any CPU.Deploy.0 = Debug|Any CPU
		{C14070A8-0839-4C56-A7A9-8E707D6994EE}.Debug|x64.ActiveCfg = Debug|Any CPU
		{C14070A8-0839-4C56-A7A9-8E707D6994EE}.Debug|x64.Build.0 = Debug|Any CPU
		{C14070A8-0839-4C56-A7A9-8E707D6994EE}.Debug|x86.ActiveCfg = Debug|Any CPU
		{C14070A8-0839-4C56-A7A9-8E707D6994EE}.Debug|x86.Build.0 = Debug|Any CPU
		{C14070A8-0839-4C56-A7A9-8E707D6994EE}.Release|Any CPU.ActiveCfg = Release|Any CPU
		{C14070A8-0839-4C56-A7A9-8E707D6994EE}.Release|Any CPU.Build.0 = Release|Any CPU
		{C14070A8-0839-4C56-A7A9-8E707D6994EE}.Release|x64.ActiveCfg = Release|Any CPU
		{C14070A8-0839-4C56-A7A9-8E707D6994EE}.Release|x64.Build.0 = Release|Any CPU
		{C14070A8-0839-4C56-A7A9-8E707D6994EE}.Release|x86.ActiveCfg = Release|Any CPU
		{C14070A8-0839-4C56-A7A9-8E707D6994EE}.Release|x86.Build.0 = Release|Any CPU
		{4CE49D8B-35AA-4525-B701-719B561052EE}.Debug|Any CPU.ActiveCfg = Debug|Any CPU
		{4CE49D8B-35AA-4525-B701-719B561052EE}.Debug|Any CPU.Build.0 = Debug|Any CPU
		{4CE49D8B-35AA-4525-B701-719B561052EE}.Debug|x64.ActiveCfg = Debug|Any CPU
		{4CE49D8B-35AA-4525-B701-719B561052EE}.Debug|x64.Build.0 = Debug|Any CPU
		{4CE49D8B-35AA-4525-B701-719B561052EE}.Debug|x86.ActiveCfg = Debug|Any CPU
		{4CE49D8B-35AA-4525-B701-719B561052EE}.Debug|x86.Build.0 = Debug|Any CPU
		{4CE49D8B-35AA-4525-B701-719B561052EE}.Release|Any CPU.ActiveCfg = Release|Any CPU
		{4CE49D8B-35AA-4525-B701-719B561052EE}.Release|Any CPU.Build.0 = Release|Any CPU
		{4CE49D8B-35AA-4525-B701-719B561052EE}.Release|x64.ActiveCfg = Release|Any CPU
		{4CE49D8B-35AA-4525-B701-719B561052EE}.Release|x64.Build.0 = Release|Any CPU
		{4CE49D8B-35AA-4525-B701-719B561052EE}.Release|x86.ActiveCfg = Release|Any CPU
		{4CE49D8B-35AA-4525-B701-719B561052EE}.Release|x86.Build.0 = Release|Any CPU
		{6FCD66BE-5632-4230-8D95-B9C3EE29B4A0}.Debug|Any CPU.ActiveCfg = Debug|Any CPU
		{6FCD66BE-5632-4230-8D95-B9C3EE29B4A0}.Debug|Any CPU.Build.0 = Debug|Any CPU
		{6FCD66BE-5632-4230-8D95-B9C3EE29B4A0}.Debug|x64.ActiveCfg = Debug|Any CPU
		{6FCD66BE-5632-4230-8D95-B9C3EE29B4A0}.Debug|x64.Build.0 = Debug|Any CPU
		{6FCD66BE-5632-4230-8D95-B9C3EE29B4A0}.Debug|x86.ActiveCfg = Debug|Any CPU
		{6FCD66BE-5632-4230-8D95-B9C3EE29B4A0}.Debug|x86.Build.0 = Debug|Any CPU
		{6FCD66BE-5632-4230-8D95-B9C3EE29B4A0}.Release|Any CPU.ActiveCfg = Release|Any CPU
		{6FCD66BE-5632-4230-8D95-B9C3EE29B4A0}.Release|Any CPU.Build.0 = Release|Any CPU
		{6FCD66BE-5632-4230-8D95-B9C3EE29B4A0}.Release|x64.ActiveCfg = Release|Any CPU
		{6FCD66BE-5632-4230-8D95-B9C3EE29B4A0}.Release|x64.Build.0 = Release|Any CPU
		{6FCD66BE-5632-4230-8D95-B9C3EE29B4A0}.Release|x86.ActiveCfg = Release|Any CPU
		{6FCD66BE-5632-4230-8D95-B9C3EE29B4A0}.Release|x86.Build.0 = Release|Any CPU
		{2B7CC2CA-39A5-41D2-800B-48210FC3E7CC}.Debug|Any CPU.ActiveCfg = Debug|Any CPU
		{2B7CC2CA-39A5-41D2-800B-48210FC3E7CC}.Debug|Any CPU.Build.0 = Debug|Any CPU
		{2B7CC2CA-39A5-41D2-800B-48210FC3E7CC}.Debug|x64.ActiveCfg = Debug|Any CPU
		{2B7CC2CA-39A5-41D2-800B-48210FC3E7CC}.Debug|x64.Build.0 = Debug|Any CPU
		{2B7CC2CA-39A5-41D2-800B-48210FC3E7CC}.Debug|x86.ActiveCfg = Debug|Any CPU
		{2B7CC2CA-39A5-41D2-800B-48210FC3E7CC}.Debug|x86.Build.0 = Debug|Any CPU
		{2B7CC2CA-39A5-41D2-800B-48210FC3E7CC}.Release|Any CPU.ActiveCfg = Release|Any CPU
		{2B7CC2CA-39A5-41D2-800B-48210FC3E7CC}.Release|Any CPU.Build.0 = Release|Any CPU
		{2B7CC2CA-39A5-41D2-800B-48210FC3E7CC}.Release|x64.ActiveCfg = Release|Any CPU
		{2B7CC2CA-39A5-41D2-800B-48210FC3E7CC}.Release|x64.Build.0 = Release|Any CPU
		{2B7CC2CA-39A5-41D2-800B-48210FC3E7CC}.Release|x86.ActiveCfg = Release|Any CPU
		{2B7CC2CA-39A5-41D2-800B-48210FC3E7CC}.Release|x86.Build.0 = Release|Any CPU
		{F3D3396A-FC52-49D4-9CA0-054021118E24}.Debug|Any CPU.ActiveCfg = Debug|Any CPU
		{F3D3396A-FC52-49D4-9CA0-054021118E24}.Debug|Any CPU.Build.0 = Debug|Any CPU
		{F3D3396A-FC52-49D4-9CA0-054021118E24}.Debug|x64.ActiveCfg = Debug|Any CPU
		{F3D3396A-FC52-49D4-9CA0-054021118E24}.Debug|x64.Build.0 = Debug|Any CPU
		{F3D3396A-FC52-49D4-9CA0-054021118E24}.Debug|x86.ActiveCfg = Debug|Any CPU
		{F3D3396A-FC52-49D4-9CA0-054021118E24}.Debug|x86.Build.0 = Debug|Any CPU
		{F3D3396A-FC52-49D4-9CA0-054021118E24}.Release|Any CPU.ActiveCfg = Release|Any CPU
		{F3D3396A-FC52-49D4-9CA0-054021118E24}.Release|Any CPU.Build.0 = Release|Any CPU
		{F3D3396A-FC52-49D4-9CA0-054021118E24}.Release|x64.ActiveCfg = Release|Any CPU
		{F3D3396A-FC52-49D4-9CA0-054021118E24}.Release|x64.Build.0 = Release|Any CPU
		{F3D3396A-FC52-49D4-9CA0-054021118E24}.Release|x86.ActiveCfg = Release|Any CPU
		{F3D3396A-FC52-49D4-9CA0-054021118E24}.Release|x86.Build.0 = Release|Any CPU
		{DCEB8886-7019-AEE1-554C-66D8D49A5A18}.Debug|Any CPU.ActiveCfg = Debug|Any CPU
		{DCEB8886-7019-AEE1-554C-66D8D49A5A18}.Debug|Any CPU.Build.0 = Debug|Any CPU
		{DCEB8886-7019-AEE1-554C-66D8D49A5A18}.Debug|x64.ActiveCfg = Debug|Any CPU
		{DCEB8886-7019-AEE1-554C-66D8D49A5A18}.Debug|x64.Build.0 = Debug|Any CPU
		{DCEB8886-7019-AEE1-554C-66D8D49A5A18}.Debug|x86.ActiveCfg = Debug|Any CPU
		{DCEB8886-7019-AEE1-554C-66D8D49A5A18}.Debug|x86.Build.0 = Debug|Any CPU
		{DCEB8886-7019-AEE1-554C-66D8D49A5A18}.Release|Any CPU.ActiveCfg = Release|Any CPU
		{DCEB8886-7019-AEE1-554C-66D8D49A5A18}.Release|Any CPU.Build.0 = Release|Any CPU
		{DCEB8886-7019-AEE1-554C-66D8D49A5A18}.Release|x64.ActiveCfg = Release|Any CPU
		{DCEB8886-7019-AEE1-554C-66D8D49A5A18}.Release|x64.Build.0 = Release|Any CPU
		{DCEB8886-7019-AEE1-554C-66D8D49A5A18}.Release|x86.ActiveCfg = Release|Any CPU
		{DCEB8886-7019-AEE1-554C-66D8D49A5A18}.Release|x86.Build.0 = Release|Any CPU
	EndGlobalSection
	GlobalSection(SolutionProperties) = preSolution
		HideSolutionNode = FALSE
	EndGlobalSection
	GlobalSection(NestedProjects) = preSolution
		{F3D3396A-FC52-49D4-9CA0-054021118E24} = {07C2787E-EAC7-C090-1BA3-A61EC2A24D84}
		{DCEB8886-7019-AEE1-554C-66D8D49A5A18} = {07C2787E-EAC7-C090-1BA3-A61EC2A24D84}
	EndGlobalSection
	GlobalSection(ExtensibilityGlobals) = postSolution
		SolutionGuid = {A28B01AA-B5C0-4F92-B8D1-051771452926}
	EndGlobalSection
EndGlobal
